
Microsoft Visual Studio Solution File, Format Version 12.00
# Visual Studio Version 17
VisualStudioVersion = 17.0.31710.8
MinimumVisualStudioVersion = 10.0.40219.1
Project("{FAE04EC0-301F-11D3-BF4B-00C04F79EFBC}") = "JobListingApp.Server", "JobListingApp\Server\JobListingApp.Server.csproj", "{AA877E6F-F40D-4E7D-9D49-B929CF6C1022}"
EndProject
Project("{FAE04EC0-301F-11D3-BF4B-00C04F79EFBC}") = "JobListingApp.Client", "JobListingApp\Client\JobListingApp.Client.csproj", "{09A490F6-E97B-4C34-BCB1-CFDA663BC5EC}"
EndProject
Project("{FAE04EC0-301F-11D3-BF4B-00C04F79EFBC}") = "JobListingApp.Shared", "JobListingApp\Shared\JobListingApp.Shared.csproj", "{77ECAFDD-CE30-4F30-B04E-F980308C53AE}"
EndProject
Global
	GlobalSection(SolutionConfigurationPlatforms) = preSolution
		Debug|Any CPU = Debug|Any CPU
		Release|Any CPU = Release|Any CPU
	EndGlobalSection
	GlobalSection(ProjectConfigurationPlatforms) = postSolution
		{AA877E6F-F40D-4E7D-9D49-B929CF6C1022}.Debug|Any CPU.ActiveCfg = Debug|Any CPU
		{AA877E6F-F40D-4E7D-9D49-B929CF6C1022}.Debug|Any CPU.Build.0 = Debug|Any CPU
		{AA877E6F-F40D-4E7D-9D49-B929CF6C1022}.Release|Any CPU.ActiveCfg = Release|Any CPU
		{AA877E6F-F40D-4E7D-9D49-B929CF6C1022}.Release|Any CPU.Build.0 = Release|Any CPU
		{09A490F6-E97B-4C34-BCB1-CFDA663BC5EC}.Debug|Any CPU.ActiveCfg = Debug|Any CPU
		{09A490F6-E97B-4C34-BCB1-CFDA663BC5EC}.Debug|Any CPU.Build.0 = Debug|Any CPU
		{09A490F6-E97B-4C34-BCB1-CFDA663BC5EC}.Release|Any CPU.ActiveCfg = Release|Any CPU
		{09A490F6-E97B-4C34-BCB1-CFDA663BC5EC}.Release|Any CPU.Build.0 = Release|Any CPU
		{77ECAFDD-CE30-4F30-B04E-F980308C53AE}.Debug|Any CPU.ActiveCfg = Debug|Any CPU
		{77ECAFDD-CE30-4F30-B04E-F980308C53AE}.Debug|Any CPU.Build.0 = Debug|Any CPU
		{77ECAFDD-CE30-4F30-B04E-F980308C53AE}.Release|Any CPU.ActiveCfg = Release|Any CPU
		{77ECAFDD-CE30-4F30-B04E-F980308C53AE}.Release|Any CPU.Build.0 = Release|Any CPU
	EndGlobalSection
	GlobalSection(SolutionProperties) = preSolution
		HideSolutionNode = FALSE
	EndGlobalSection
	GlobalSection(ExtensibilityGlobals) = postSolution
		SolutionGuid = {51048599-BF58-47E5-AD9E-27BDDA0FAA64}
	EndGlobalSection
EndGlobal
